
Microsoft Visual Studio Solution File, Format Version 11.00
# Visual C++ Express 2010
Project("{8BC9CEB8-8B4A-11D0-8D11-00A0C91BC942}") = "Ajedrez", "Ajedrez\Ajedrez.vcxproj", "{3940916E-0CFD-4AF6-A36E-3206123C3F53}"
EndProject
Global
	GlobalSection(SolutionConfigurationPlatforms) = preSolution
		Debug|Win32 = Debug|Win32
		Release|Win32 = Release|Win32
	EndGlobalSection
	GlobalSection(ProjectConfigurationPlatforms) = postSolution
		{3940916E-0CFD-4AF6-A36E-3206123C3F53}.Debug|Win32.ActiveCfg = Debug|Win32
		{3940916E-0CFD-4AF6-A36E-3206123C3F53}.Debug|Win32.Build.0 = Debug|Win32
		{3940916E-0CFD-4AF6-A36E-3206123C3F53}.Release|Win32.ActiveCfg = Release|Win32
		{3940916E-0CFD-4AF6-A36E-3206123C3F53}.Release|Win32.Build.0 = Release|Win32
	EndGlobalSection
	GlobalSection(SolutionProperties) = preSolution
		HideSolutionNode = FALSE
	EndGlobalSection
EndGlobal
